
Microsoft Visual Studio Solution File, Format Version 12.00
# Visual Studio Version 17
VisualStudioVersion = 17.13.35919.96 d17.13
MinimumVisualStudioVersion = 10.0.40219.1
Project("{FAE04EC0-301F-11D3-BF4B-00C04F79EFBC}") = "ShortestRouteOptimizer.Console", "ConsoleApp1\ShortestRouteOptimizer.Console.csproj", "{D05EC600-C86D-4C2C-BC35-E7F8FD842B90}"
EndProject
Project("{FAE04EC0-301F-11D3-BF4B-00C04F79EFBC}") = "ShortestRouteOptimizer.Test", "ShortestRouteOptimizer.Test\ShortestRouteOptimizer.Test.csproj", "{914622A4-849A-4049-8FB7-8AD61CEE4E4F}"
EndProject
Global
	GlobalSection(SolutionConfigurationPlatforms) = preSolution
		Debug|Any CPU = Debug|Any CPU
		Release|Any CPU = Release|Any CPU
	EndGlobalSection
	GlobalSection(ProjectConfigurationPlatforms) = postSolution
		{D05EC600-C86D-4C2C-BC35-E7F8FD842B90}.Debug|Any CPU.ActiveCfg = Debug|Any CPU
		{D05EC600-C86D-4C2C-BC35-E7F8FD842B90}.Debug|Any CPU.Build.0 = Debug|Any CPU
		{D05EC600-C86D-4C2C-BC35-E7F8FD842B90}.Release|Any CPU.ActiveCfg = Release|Any CPU
		{D05EC600-C86D-4C2C-BC35-E7F8FD842B90}.Release|Any CPU.Build.0 = Release|Any CPU
		{914622A4-849A-4049-8FB7-8AD61CEE4E4F}.Debug|Any CPU.ActiveCfg = Debug|Any CPU
		{914622A4-849A-4049-8FB7-8AD61CEE4E4F}.Debug|Any CPU.Build.0 = Debug|Any CPU
		{914622A4-849A-4049-8FB7-8AD61CEE4E4F}.Release|Any CPU.ActiveCfg = Release|Any CPU
		{914622A4-849A-4049-8FB7-8AD61CEE4E4F}.Release|Any CPU.Build.0 = Release|Any CPU
	EndGlobalSection
	GlobalSection(SolutionProperties) = preSolution
		HideSolutionNode = FALSE
	EndGlobalSection
	GlobalSection(ExtensibilityGlobals) = postSolution
		SolutionGuid = {C72B36AE-E2AD-4A7D-AD41-7ED279BE849A}
	EndGlobalSection
EndGlobal
