
Microsoft Visual Studio Solution File, Format Version 12.00
# Visual Studio Version 17
VisualStudioVersion = 17.13.35919.96 d17.13
MinimumVisualStudioVersion = 10.0.40219.1
Project("{FAE04EC0-301F-11D3-BF4B-00C04F79EFBC}") = "ShortestRouteOptimizer.MVC", "ShortestRouteOptimizer.MVC\ShortestRouteOptimizer.MVC.csproj", "{2F32F253-C97D-40BE-91A2-6BD7538E993C}"
EndProject
Project("{FAE04EC0-301F-11D3-BF4B-00C04F79EFBC}") = "ShortestRouteOptimizer.Test", "ShortestRouteOptimizer.Test\ShortestRouteOptimizer.Test.csproj", "{0079DED5-7D79-4B0C-ABE6-2B52F7171E45}"
EndProject
Global
	GlobalSection(SolutionConfigurationPlatforms) = preSolution
		Debug|Any CPU = Debug|Any CPU
		Release|Any CPU = Release|Any CPU
	EndGlobalSection
	GlobalSection(ProjectConfigurationPlatforms) = postSolution
		{2F32F253-C97D-40BE-91A2-6BD7538E993C}.Debug|Any CPU.ActiveCfg = Debug|Any CPU
		{2F32F253-C97D-40BE-91A2-6BD7538E993C}.Debug|Any CPU.Build.0 = Debug|Any CPU
		{2F32F253-C97D-40BE-91A2-6BD7538E993C}.Release|Any CPU.ActiveCfg = Release|Any CPU
		{2F32F253-C97D-40BE-91A2-6BD7538E993C}.Release|Any CPU.Build.0 = Release|Any CPU
		{0079DED5-7D79-4B0C-ABE6-2B52F7171E45}.Debug|Any CPU.ActiveCfg = Debug|Any CPU
		{0079DED5-7D79-4B0C-ABE6-2B52F7171E45}.Debug|Any CPU.Build.0 = Debug|Any CPU
		{0079DED5-7D79-4B0C-ABE6-2B52F7171E45}.Release|Any CPU.ActiveCfg = Release|Any CPU
		{0079DED5-7D79-4B0C-ABE6-2B52F7171E45}.Release|Any CPU.Build.0 = Release|Any CPU
	EndGlobalSection
	GlobalSection(SolutionProperties) = preSolution
		HideSolutionNode = FALSE
	EndGlobalSection
	GlobalSection(ExtensibilityGlobals) = postSolution
		SolutionGuid = {5FE1B18F-AF73-47EC-AC7F-EC009478ED37}
	EndGlobalSection
EndGlobal
